{
  "name": "stencil-starter-project-name",
  "version": "0.0.1",
  "lockfileVersion": 1,
  "requires": true,
  "dependencies": {
    "@stencil/core": {
      "version": "2.8.0",
      "resolved": "https://registry.npmjs.org/@stencil/core/-/core-2.8.0.tgz",
      "integrity": "sha512-WazFGUMnbumg8ePNvej8cIOEcxvuZ0ugKQkkE1xFbDYcl7DgJd62MiG+bIqCcQlIdLEfhjAdoixxlFdJgrgjyA=="
    },
    "string-similarity": {
      "version": "4.0.4",
      "resolved": "https://registry.npmjs.org/string-similarity/-/string-similarity-4.0.4.tgz",
      "integrity": "sha512-/q/8Q4Bl4ZKAPjj8WerIBJWALKkaPRfrvhfF8k/B23i4nzrlRj2/go1m90In7nG/3XDSbOo0+pu6RvCTM9RGMQ=="
    }
  }
}
